
Microsoft Visual Studio Solution File, Format Version 12.00
# Visual Studio 2012
Project("{2150E333-8FDC-42A3-9474-1A3956D46DE8}") = "Solutionitems", "Solutionitems", "{14C4BAF7-D42B-426B-950D-5975C0ADE509}"
	ProjectSection(SolutionItems) = preProject
		RabbitMQ.Client.dll = RabbitMQ.Client.dll
		SetupRabbitMQ.bat = SetupRabbitMQ.bat
		SetupRabbitMQ.ps1 = SetupRabbitMQ.ps1
	EndProjectSection
EndProject
Global
	GlobalSection(SolutionProperties) = preSolution
		HideSolutionNode = FALSE
	EndGlobalSection
EndGlobal
