
Microsoft Visual Studio Solution File, Format Version 12.00
# Visual Studio 2012
Project("{FAE04EC0-301F-11D3-BF4B-00C04F79EFBC}") = "QueueExchangeCreator", "Intro\QueueExchangeCreator.csproj", "{FB80AD84-7D5A-4224-AF2D-D71248C1B2A5}"
EndProject
Project("{FAE04EC0-301F-11D3-BF4B-00C04F79EFBC}") = "MessagePublisher", "MessagePublisher\MessagePublisher.csproj", "{22FE3C86-A20C-45FF-81D2-C6C1582A1F07}"
EndProject
Project("{2150E333-8FDC-42A3-9474-1A3956D46DE8}") = "BuildScripts", "BuildScripts", "{609318D3-7DBB-4B2D-822D-6FFDD43B4D1A}"
	ProjectSection(SolutionItems) = preProject
		..\PowerShellDeploy\RabbitMQ.Client.dll = ..\PowerShellDeploy\RabbitMQ.Client.dll
		..\PowerShellDeploy\SetupRabbitMQ.bat = ..\PowerShellDeploy\SetupRabbitMQ.bat
		..\PowerShellDeploy\SetupRabbitMQ.ps1 = ..\PowerShellDeploy\SetupRabbitMQ.ps1
		..\PowerShellDeploy\SetupRabbitPersistentMQ.bat = ..\PowerShellDeploy\SetupRabbitPersistentMQ.bat
		..\PowerShellDeploy\SetupRabbitPersistentMQ.ps1 = ..\PowerShellDeploy\SetupRabbitPersistentMQ.ps1
		StartServer.bat = StartServer.bat
		StopServer.bat = StopServer.bat
	EndProjectSection
EndProject
Project("{2150E333-8FDC-42A3-9474-1A3956D46DE8}") = "SenderAndRecieverBasic", "SenderAndRecieverBasic", "{B7E28B35-415F-40CB-93E8-8E04DA45473A}"
EndProject
Project("{FAE04EC0-301F-11D3-BF4B-00C04F79EFBC}") = "Sender", "Sender\Sender.csproj", "{2E89590C-9FD3-425C-B663-504A4DC9AE17}"
EndProject
Project("{FAE04EC0-301F-11D3-BF4B-00C04F79EFBC}") = "Reciever", "Reciever\Reciever.csproj", "{0BEDE6CD-96B1-4E61-BD3D-01303F9C7859}"
EndProject
Project("{2150E333-8FDC-42A3-9474-1A3956D46DE8}") = "PublishSubscribe", "PublishSubscribe", "{3D6A15DD-6655-4B2E-9E35-F59BE0C867A6}"
EndProject
Project("{FAE04EC0-301F-11D3-BF4B-00C04F79EFBC}") = "Client", "Client\Client.csproj", "{25366454-86D9-408F-B529-5018071AA45D}"
EndProject
Project("{FAE04EC0-301F-11D3-BF4B-00C04F79EFBC}") = "Server1", "Server1\Server1.csproj", "{017D87BF-2BCF-42B2-89D1-F8A8A6F8551D}"
EndProject
Project("{FAE04EC0-301F-11D3-BF4B-00C04F79EFBC}") = "Server2", "Server2\Server2.csproj", "{08A477DF-A11B-48CA-8B5E-0CC84FD80117}"
EndProject
Project("{2150E333-8FDC-42A3-9474-1A3956D46DE8}") = "BuildScripts", "BuildScripts", "{E448BE7F-0339-4E20-B6DA-1AE771D173A1}"
	ProjectSection(SolutionItems) = preProject
		..\PowerShellDeploy\RabbitMQ.Client.dll = ..\PowerShellDeploy\RabbitMQ.Client.dll
		SetupExchangeAndQueue.bat = SetupExchangeAndQueue.bat
		SetupRabbitMQExchangeAndQueue.ps1 = SetupRabbitMQExchangeAndQueue.ps1
	EndProjectSection
EndProject
Global
	GlobalSection(SolutionConfigurationPlatforms) = preSolution
		Debug|Any CPU = Debug|Any CPU
		Release|Any CPU = Release|Any CPU
	EndGlobalSection
	GlobalSection(ProjectConfigurationPlatforms) = postSolution
		{FB80AD84-7D5A-4224-AF2D-D71248C1B2A5}.Debug|Any CPU.ActiveCfg = Debug|Any CPU
		{FB80AD84-7D5A-4224-AF2D-D71248C1B2A5}.Debug|Any CPU.Build.0 = Debug|Any CPU
		{FB80AD84-7D5A-4224-AF2D-D71248C1B2A5}.Release|Any CPU.ActiveCfg = Release|Any CPU
		{FB80AD84-7D5A-4224-AF2D-D71248C1B2A5}.Release|Any CPU.Build.0 = Release|Any CPU
		{22FE3C86-A20C-45FF-81D2-C6C1582A1F07}.Debug|Any CPU.ActiveCfg = Debug|Any CPU
		{22FE3C86-A20C-45FF-81D2-C6C1582A1F07}.Debug|Any CPU.Build.0 = Debug|Any CPU
		{22FE3C86-A20C-45FF-81D2-C6C1582A1F07}.Release|Any CPU.ActiveCfg = Release|Any CPU
		{22FE3C86-A20C-45FF-81D2-C6C1582A1F07}.Release|Any CPU.Build.0 = Release|Any CPU
		{2E89590C-9FD3-425C-B663-504A4DC9AE17}.Debug|Any CPU.ActiveCfg = Debug|Any CPU
		{2E89590C-9FD3-425C-B663-504A4DC9AE17}.Debug|Any CPU.Build.0 = Debug|Any CPU
		{2E89590C-9FD3-425C-B663-504A4DC9AE17}.Release|Any CPU.ActiveCfg = Release|Any CPU
		{2E89590C-9FD3-425C-B663-504A4DC9AE17}.Release|Any CPU.Build.0 = Release|Any CPU
		{0BEDE6CD-96B1-4E61-BD3D-01303F9C7859}.Debug|Any CPU.ActiveCfg = Debug|Any CPU
		{0BEDE6CD-96B1-4E61-BD3D-01303F9C7859}.Debug|Any CPU.Build.0 = Debug|Any CPU
		{0BEDE6CD-96B1-4E61-BD3D-01303F9C7859}.Release|Any CPU.ActiveCfg = Release|Any CPU
		{0BEDE6CD-96B1-4E61-BD3D-01303F9C7859}.Release|Any CPU.Build.0 = Release|Any CPU
		{25366454-86D9-408F-B529-5018071AA45D}.Debug|Any CPU.ActiveCfg = Debug|Any CPU
		{25366454-86D9-408F-B529-5018071AA45D}.Debug|Any CPU.Build.0 = Debug|Any CPU
		{25366454-86D9-408F-B529-5018071AA45D}.Release|Any CPU.ActiveCfg = Release|Any CPU
		{25366454-86D9-408F-B529-5018071AA45D}.Release|Any CPU.Build.0 = Release|Any CPU
		{017D87BF-2BCF-42B2-89D1-F8A8A6F8551D}.Debug|Any CPU.ActiveCfg = Debug|Any CPU
		{017D87BF-2BCF-42B2-89D1-F8A8A6F8551D}.Debug|Any CPU.Build.0 = Debug|Any CPU
		{017D87BF-2BCF-42B2-89D1-F8A8A6F8551D}.Release|Any CPU.ActiveCfg = Release|Any CPU
		{017D87BF-2BCF-42B2-89D1-F8A8A6F8551D}.Release|Any CPU.Build.0 = Release|Any CPU
		{08A477DF-A11B-48CA-8B5E-0CC84FD80117}.Debug|Any CPU.ActiveCfg = Debug|Any CPU
		{08A477DF-A11B-48CA-8B5E-0CC84FD80117}.Debug|Any CPU.Build.0 = Debug|Any CPU
		{08A477DF-A11B-48CA-8B5E-0CC84FD80117}.Release|Any CPU.ActiveCfg = Release|Any CPU
		{08A477DF-A11B-48CA-8B5E-0CC84FD80117}.Release|Any CPU.Build.0 = Release|Any CPU
	EndGlobalSection
	GlobalSection(SolutionProperties) = preSolution
		HideSolutionNode = FALSE
	EndGlobalSection
	GlobalSection(NestedProjects) = preSolution
		{2E89590C-9FD3-425C-B663-504A4DC9AE17} = {B7E28B35-415F-40CB-93E8-8E04DA45473A}
		{0BEDE6CD-96B1-4E61-BD3D-01303F9C7859} = {B7E28B35-415F-40CB-93E8-8E04DA45473A}
		{25366454-86D9-408F-B529-5018071AA45D} = {3D6A15DD-6655-4B2E-9E35-F59BE0C867A6}
		{017D87BF-2BCF-42B2-89D1-F8A8A6F8551D} = {3D6A15DD-6655-4B2E-9E35-F59BE0C867A6}
		{08A477DF-A11B-48CA-8B5E-0CC84FD80117} = {3D6A15DD-6655-4B2E-9E35-F59BE0C867A6}
		{E448BE7F-0339-4E20-B6DA-1AE771D173A1} = {3D6A15DD-6655-4B2E-9E35-F59BE0C867A6}
	EndGlobalSection
EndGlobal
